
Microsoft Visual Studio Solution File, Format Version 12.00
# Visual Studio Version 17
VisualStudioVersion = 17.0.31903.59
MinimumVisualStudioVersion = 10.0.40219.1
Project("{2150E333-8FDC-42A3-9474-1A3956D46DE8}") = "src", "src", "{827E0CD3-B72D-47B6-A68D-7590B98EB39B}"
EndProject
Project("{FAE04EC0-301F-11D3-BF4B-00C04F79EFBC}") = "BlazorMemory.Core", "src\BlazorMemory.Core\BlazorMemory.Core.csproj", "{0D54B124-8E39-43E9-A17B-7A14973DB39E}"
EndProject
Project("{FAE04EC0-301F-11D3-BF4B-00C04F79EFBC}") = "BlazorMemory.Storage.InMemory", "src\BlazorMemory.Storage.InMemory\BlazorMemory.Storage.InMemory.csproj", "{CBD6E502-B620-491F-904A-756F5762CE6B}"
EndProject
Project("{FAE04EC0-301F-11D3-BF4B-00C04F79EFBC}") = "BlazorMemory.Embeddings.OpenAi", "src\BlazorMemory.Embeddings.OpenAi\BlazorMemory.Embeddings.OpenAi.csproj", "{616EB93E-7042-4C4A-9C59-D02C1B2C02D9}"
EndProject
Project("{FAE04EC0-301F-11D3-BF4B-00C04F79EFBC}") = "BlazorMemory.Extractor.OpenAi", "src\BlazorMemory.Extractor.OpenAi\BlazorMemory.Extractor.OpenAi.csproj", "{5F50CDFC-B27D-47CA-A57F-3B3922DA7E37}"
EndProject
Project("{2150E333-8FDC-42A3-9474-1A3956D46DE8}") = "tests", "tests", "{0AB3BF05-4346-4AA6-1389-037BE0695223}"
EndProject
Project("{FAE04EC0-301F-11D3-BF4B-00C04F79EFBC}") = "BlazorMemory.Core.Tests", "tests\BlazorMemory.Core.Tests\BlazorMemory.Core.Tests.csproj", "{02DAD8F9-E73B-4543-A97F-9E0B9D5B9B7A}"
EndProject
Project("{FAE04EC0-301F-11D3-BF4B-00C04F79EFBC}") = "BlazorMemory.Storage.IndexedDb", "src\BlazorMemory.Storage.IndexedDb\BlazorMemory.Storage.IndexedDb.csproj", "{980BFE9A-49CB-49A3-B08F-3D105797670E}"
EndProject
Project("{FAE04EC0-301F-11D3-BF4B-00C04F79EFBC}") = "BlazorMemory.Storage.IndexedDb.Tests", "tests\BlazorMemory.Storage.IndexedDb.Tests\BlazorMemory.Storage.IndexedDb.Tests.csproj", "{3DA42041-08F2-470B-8EB5-E258F3763DCF}"
EndProject
Global
	GlobalSection(SolutionConfigurationPlatforms) = preSolution
		Debug|Any CPU = Debug|Any CPU
		Debug|x64 = Debug|x64
		Debug|x86 = Debug|x86
		Release|Any CPU = Release|Any CPU
		Release|x64 = Release|x64
		Release|x86 = Release|x86
	EndGlobalSection
	GlobalSection(ProjectConfigurationPlatforms) = postSolution
		{0D54B124-8E39-43E9-A17B-7A14973DB39E}.Debug|Any CPU.ActiveCfg = Debug|Any CPU
		{0D54B124-8E39-43E9-A17B-7A14973DB39E}.Debug|Any CPU.Build.0 = Debug|Any CPU
		{0D54B124-8E39-43E9-A17B-7A14973DB39E}.Debug|x64.ActiveCfg = Debug|Any CPU
		{0D54B124-8E39-43E9-A17B-7A14973DB39E}.Debug|x64.Build.0 = Debug|Any CPU
		{0D54B124-8E39-43E9-A17B-7A14973DB39E}.Debug|x86.ActiveCfg = Debug|Any CPU
		{0D54B124-8E39-43E9-A17B-7A14973DB39E}.Debug|x86.Build.0 = Debug|Any CPU
		{0D54B124-8E39-43E9-A17B-7A14973DB39E}.Release|Any CPU.ActiveCfg = Release|Any CPU
		{0D54B124-8E39-43E9-A17B-7A14973DB39E}.Release|Any CPU.Build.0 = Release|Any CPU
		{0D54B124-8E39-43E9-A17B-7A14973DB39E}.Release|x64.ActiveCfg = Release|Any CPU
		{0D54B124-8E39-43E9-A17B-7A14973DB39E}.Release|x64.Build.0 = Release|Any CPU
		{0D54B124-8E39-43E9-A17B-7A14973DB39E}.Release|x86.ActiveCfg = Release|Any CPU
		{0D54B124-8E39-43E9-A17B-7A14973DB39E}.Release|x86.Build.0 = Release|Any CPU
		{CBD6E502-B620-491F-904A-756F5762CE6B}.Debug|Any CPU.ActiveCfg = Debug|Any CPU
		{CBD6E502-B620-491F-904A-756F5762CE6B}.Debug|Any CPU.Build.0 = Debug|Any CPU
		{CBD6E502-B620-491F-904A-756F5762CE6B}.Debug|x64.ActiveCfg = Debug|Any CPU
		{CBD6E502-B620-491F-904A-756F5762CE6B}.Debug|x64.Build.0 = Debug|Any CPU
		{CBD6E502-B620-491F-904A-756F5762CE6B}.Debug|x86.ActiveCfg = Debug|Any CPU
		{CBD6E502-B620-491F-904A-756F5762CE6B}.Debug|x86.Build.0 = Debug|Any CPU
		{CBD6E502-B620-491F-904A-756F5762CE6B}.Release|Any CPU.ActiveCfg = Release|Any CPU
		{CBD6E502-B620-491F-904A-756F5762CE6B}.Release|Any CPU.Build.0 = Release|Any CPU
		{CBD6E502-B620-491F-904A-756F5762CE6B}.Release|x64.ActiveCfg = Release|Any CPU
		{CBD6E502-B620-491F-904A-756F5762CE6B}.Release|x64.Build.0 = Release|Any CPU
		{CBD6E502-B620-491F-904A-756F5762CE6B}.Release|x86.ActiveCfg = Release|Any CPU
		{CBD6E502-B620-491F-904A-756F5762CE6B}.Release|x86.Build.0 = Release|Any CPU
		{616EB93E-7042-4C4A-9C59-D02C1B2C02D9}.Debug|Any CPU.ActiveCfg = Debug|Any CPU
		{616EB93E-7042-4C4A-9C59-D02C1B2C02D9}.Debug|Any CPU.Build.0 = Debug|Any CPU
		{616EB93E-7042-4C4A-9C59-D02C1B2C02D9}.Debug|x64.ActiveCfg = Debug|Any CPU
		{616EB93E-7042-4C4A-9C59-D02C1B2C02D9}.Debug|x64.Build.0 = Debug|Any CPU
		{616EB93E-7042-4C4A-9C59-D02C1B2C02D9}.Debug|x86.ActiveCfg = Debug|Any CPU
		{616EB93E-7042-4C4A-9C59-D02C1B2C02D9}.Debug|x86.Build.0 = Debug|Any CPU
		{616EB93E-7042-4C4A-9C59-D02C1B2C02D9}.Release|Any CPU.ActiveCfg = Release|Any CPU
		{616EB93E-7042-4C4A-9C59-D02C1B2C02D9}.Release|Any CPU.Build.0 = Release|Any CPU
		{616EB93E-7042-4C4A-9C59-D02C1B2C02D9}.Release|x64.ActiveCfg = Release|Any CPU
		{616EB93E-7042-4C4A-9C59-D02C1B2C02D9}.Release|x64.Build.0 = Release|Any CPU
		{616EB93E-7042-4C4A-9C59-D02C1B2C02D9}.Release|x86.ActiveCfg = Release|Any CPU
		{616EB93E-7042-4C4A-9C59-D02C1B2C02D9}.Release|x86.Build.0 = Release|Any CPU
		{5F50CDFC-B27D-47CA-A57F-3B3922DA7E37}.Debug|Any CPU.ActiveCfg = Debug|Any CPU
		{5F50CDFC-B27D-47CA-A57F-3B3922DA7E37}.Debug|Any CPU.Build.0 = Debug|Any CPU
		{5F50CDFC-B27D-47CA-A57F-3B3922DA7E37}.Debug|x64.ActiveCfg = Debug|Any CPU
		{5F50CDFC-B27D-47CA-A57F-3B3922DA7E37}.Debug|x64.Build.0 = Debug|Any CPU
		{5F50CDFC-B27D-47CA-A57F-3B3922DA7E37}.Debug|x86.ActiveCfg = Debug|Any CPU
		{5F50CDFC-B27D-47CA-A57F-3B3922DA7E37}.Debug|x86.Build.0 = Debug|Any CPU
		{5F50CDFC-B27D-47CA-A57F-3B3922DA7E37}.Release|Any CPU.ActiveCfg = Release|Any CPU
		{5F50CDFC-B27D-47CA-A57F-3B3922DA7E37}.Release|Any CPU.Build.0 = Release|Any CPU
		{5F50CDFC-B27D-47CA-A57F-3B3922DA7E37}.Release|x64.ActiveCfg = Release|Any CPU
		{5F50CDFC-B27D-47CA-A57F-3B3922DA7E37}.Release|x64.Build.0 = Release|Any CPU
		{5F50CDFC-B27D-47CA-A57F-3B3922DA7E37}.Release|x86.ActiveCfg = Release|Any CPU
		{5F50CDFC-B27D-47CA-A57F-3B3922DA7E37}.Release|x86.Build.0 = Release|Any CPU
		{02DAD8F9-E73B-4543-A97F-9E0B9D5B9B7A}.Debug|Any CPU.ActiveCfg = Debug|Any CPU
		{02DAD8F9-E73B-4543-A97F-9E0B9D5B9B7A}.Debug|Any CPU.Build.0 = Debug|Any CPU
		{02DAD8F9-E73B-4543-A97F-9E0B9D5B9B7A}.Debug|x64.ActiveCfg = Debug|Any CPU
		{02DAD8F9-E73B-4543-A97F-9E0B9D5B9B7A}.Debug|x64.Build.0 = Debug|Any CPU
		{02DAD8F9-E73B-4543-A97F-9E0B9D5B9B7A}.Debug|x86.ActiveCfg = Debug|Any CPU
		{02DAD8F9-E73B-4543-A97F-9E0B9D5B9B7A}.Debug|x86.Build.0 = Debug|Any CPU
		{02DAD8F9-E73B-4543-A97F-9E0B9D5B9B7A}.Release|Any CPU.ActiveCfg = Release|Any CPU
		{02DAD8F9-E73B-4543-A97F-9E0B9D5B9B7A}.Release|Any CPU.Build.0 = Release|Any CPU
		{02DAD8F9-E73B-4543-A97F-9E0B9D5B9B7A}.Release|x64.ActiveCfg = Release|Any CPU
		{02DAD8F9-E73B-4543-A97F-9E0B9D5B9B7A}.Release|x64.Build.0 = Release|Any CPU
		{02DAD8F9-E73B-4543-A97F-9E0B9D5B9B7A}.Release|x86.ActiveCfg = Release|Any CPU
		{02DAD8F9-E73B-4543-A97F-9E0B9D5B9B7A}.Release|x86.Build.0 = Release|Any CPU
		{980BFE9A-49CB-49A3-B08F-3D105797670E}.Debug|Any CPU.ActiveCfg = Debug|Any CPU
		{980BFE9A-49CB-49A3-B08F-3D105797670E}.Debug|Any CPU.Build.0 = Debug|Any CPU
		{980BFE9A-49CB-49A3-B08F-3D105797670E}.Debug|x64.ActiveCfg = Debug|Any CPU
		{980BFE9A-49CB-49A3-B08F-3D105797670E}.Debug|x64.Build.0 = Debug|Any CPU
		{980BFE9A-49CB-49A3-B08F-3D105797670E}.Debug|x86.ActiveCfg = Debug|Any CPU
		{980BFE9A-49CB-49A3-B08F-3D105797670E}.Debug|x86.Build.0 = Debug|Any CPU
		{980BFE9A-49CB-49A3-B08F-3D105797670E}.Release|Any CPU.ActiveCfg = Release|Any CPU
		{980BFE9A-49CB-49A3-B08F-3D105797670E}.Release|Any CPU.Build.0 = Release|Any CPU
		{980BFE9A-49CB-49A3-B08F-3D105797670E}.Release|x64.ActiveCfg = Release|Any CPU
		{980BFE9A-49CB-49A3-B08F-3D105797670E}.Release|x64.Build.0 = Release|Any CPU
		{980BFE9A-49CB-49A3-B08F-3D105797670E}.Release|x86.ActiveCfg = Release|Any CPU
		{980BFE9A-49CB-49A3-B08F-3D105797670E}.Release|x86.Build.0 = Release|Any CPU
		{3DA42041-08F2-470B-8EB5-E258F3763DCF}.Debug|Any CPU.ActiveCfg = Debug|Any CPU
		{3DA42041-08F2-470B-8EB5-E258F3763DCF}.Debug|Any CPU.Build.0 = Debug|Any CPU
		{3DA42041-08F2-470B-8EB5-E258F3763DCF}.Debug|x64.ActiveCfg = Debug|Any CPU
		{3DA42041-08F2-470B-8EB5-E258F3763DCF}.Debug|x64.Build.0 = Debug|Any CPU
		{3DA42041-08F2-470B-8EB5-E258F3763DCF}.Debug|x86.ActiveCfg = Debug|Any CPU
		{3DA42041-08F2-470B-8EB5-E258F3763DCF}.Debug|x86.Build.0 = Debug|Any CPU
		{3DA42041-08F2-470B-8EB5-E258F3763DCF}.Release|Any CPU.ActiveCfg = Release|Any CPU
		{3DA42041-08F2-470B-8EB5-E258F3763DCF}.Release|Any CPU.Build.0 = Release|Any CPU
		{3DA42041-08F2-470B-8EB5-E258F3763DCF}.Release|x64.ActiveCfg = Release|Any CPU
		{3DA42041-08F2-470B-8EB5-E258F3763DCF}.Release|x64.Build.0 = Release|Any CPU
		{3DA42041-08F2-470B-8EB5-E258F3763DCF}.Release|x86.ActiveCfg = Release|Any CPU
		{3DA42041-08F2-470B-8EB5-E258F3763DCF}.Release|x86.Build.0 = Release|Any CPU
	EndGlobalSection
	GlobalSection(SolutionProperties) = preSolution
		HideSolutionNode = FALSE
	EndGlobalSection
	GlobalSection(NestedProjects) = preSolution
		{0D54B124-8E39-43E9-A17B-7A14973DB39E} = {827E0CD3-B72D-47B6-A68D-7590B98EB39B}
		{CBD6E502-B620-491F-904A-756F5762CE6B} = {827E0CD3-B72D-47B6-A68D-7590B98EB39B}
		{616EB93E-7042-4C4A-9C59-D02C1B2C02D9} = {827E0CD3-B72D-47B6-A68D-7590B98EB39B}
		{5F50CDFC-B27D-47CA-A57F-3B3922DA7E37} = {827E0CD3-B72D-47B6-A68D-7590B98EB39B}
		{02DAD8F9-E73B-4543-A97F-9E0B9D5B9B7A} = {0AB3BF05-4346-4AA6-1389-037BE0695223}
		{980BFE9A-49CB-49A3-B08F-3D105797670E} = {827E0CD3-B72D-47B6-A68D-7590B98EB39B}
		{3DA42041-08F2-470B-8EB5-E258F3763DCF} = {0AB3BF05-4346-4AA6-1389-037BE0695223}
	EndGlobalSection
EndGlobal
